
Microsoft Visual Studio Solution File, Format Version 12.00
# Visual Studio Version 16
VisualStudioVersion = 16.0.29806.167
MinimumVisualStudioVersion = 10.0.40219.1
Project("{FAE04EC0-301F-11D3-BF4B-00C04F79EFBC}") = "TrabajoFinal_Unidad1_Web2_Estrella_Robles_Sosa", "TrabajoFinal_Unidad1_Web2_Estrella_Robles_Sosa.csproj", "{78D6EF68-719B-48C3-AEE2-C9E0B52BE34C}"
EndProject
Global
	GlobalSection(SolutionConfigurationPlatforms) = preSolution
		Debug|Any CPU = Debug|Any CPU
		Release|Any CPU = Release|Any CPU
	EndGlobalSection
	GlobalSection(ProjectConfigurationPlatforms) = postSolution
		{78D6EF68-719B-48C3-AEE2-C9E0B52BE34C}.Debug|Any CPU.ActiveCfg = Debug|Any CPU
		{78D6EF68-719B-48C3-AEE2-C9E0B52BE34C}.Debug|Any CPU.Build.0 = Debug|Any CPU
		{78D6EF68-719B-48C3-AEE2-C9E0B52BE34C}.Release|Any CPU.ActiveCfg = Release|Any CPU
		{78D6EF68-719B-48C3-AEE2-C9E0B52BE34C}.Release|Any CPU.Build.0 = Release|Any CPU
	EndGlobalSection
	GlobalSection(SolutionProperties) = preSolution
		HideSolutionNode = FALSE
	EndGlobalSection
	GlobalSection(ExtensibilityGlobals) = postSolution
		SolutionGuid = {2C526DAE-79BE-4CF3-A158-117FC3A75254}
	EndGlobalSection
EndGlobal
